Microsoft Visual Studio Solution File, Format Version 12.00
# Visual Studio Version 17
VisualStudioVersion = 17.5.2.0
MinimumVisualStudioVersion = 10.0.40219.1
Project("{FAE04EC0-301F-11D3-BF4B-00C04F79EFBC}") = "RevisaoPOO", "RevisaoPOO\RevisaoPOO.csproj", "{80F41C20-478C-F07A-1362-F4919090EB14}"
EndProject
Project("{2150E333-8FDC-42A3-9474-1A3956D46DE8}") = "RevisaoPOO (1)", "RevisaoPOO (1)", "{2FA1F700-9678-4D7D-6CE8-468FE9AF2211}"
EndProject
Project("{FAE04EC0-301F-11D3-BF4B-00C04F79EFBC}") = "Atividade 1", "RevisaoPOO\Atividade 1\Atividade 1.csproj", "{69B88207-8E5E-5FD8-72D2-CC92090322D7}"
EndProject
Project("{FAE04EC0-301F-11D3-BF4B-00C04F79EFBC}") = "Atividade 2", "RevisaoPOO\Atividade 2\Atividade 2.csproj", "{84E0C15F-0079-41E2-AB03-678F6308A6BC}"
EndProject
Project("{FAE04EC0-301F-11D3-BF4B-00C04F79EFBC}") = "Atividade 3", "RevisaoPOO\Atividade 3\Atividade 3.csproj", "{46C40D08-CA95-21AA-8248-1A52FBE019DA}"
EndProject
Project("{FAE04EC0-301F-11D3-BF4B-00C04F79EFBC}") = "Atividade 4", "RevisaoPOO\Atividade 4\Atividade 4.csproj", "{9BFDF956-3117-38B6-749A-648BE851B907}"
EndProject
Project("{FAE04EC0-301F-11D3-BF4B-00C04F79EFBC}") = "Atividade 5", "RevisaoPOO\Atividade 5\Atividade 5.csproj", "{F499FC49-1B45-F7E9-D4D2-838D0FBAC499}"
EndProject
Project("{FAE04EC0-301F-11D3-BF4B-00C04F79EFBC}") = "Atividade 6", "RevisaoPOO\Atividade 6\Atividade 6.csproj", "{6BFFC5EC-6C8B-4A4C-9E45-D4AB2A96ECB0}"
EndProject
Project("{FAE04EC0-301F-11D3-BF4B-00C04F79EFBC}") = "Atividade 7", "RevisaoPOO\Atividade 7\Atividade 7.csproj", "{A75F700B-AF1A-37BC-1E63-6C546EC0642E}"
EndProject
Project("{FAE04EC0-301F-11D3-BF4B-00C04F79EFBC}") = "Atividade 8", "RevisaoPOO\Atividade 8\Atividade 8.csproj", "{85B58F1F-0E88-37BD-A037-B351E0E4415F}"
EndProject
Project("{FAE04EC0-301F-11D3-BF4B-00C04F79EFBC}") = "Atividade 9", "RevisaoPOO\Atividade 9\Atividade 9.csproj", "{8FEE1F7B-0192-7D2F-A7FC-49C8C24C0032}"
EndProject
Global
	GlobalSection(SolutionConfigurationPlatforms) = preSolution
		Debug|Any CPU = Debug|Any CPU
		Release|Any CPU = Release|Any CPU
	EndGlobalSection
	GlobalSection(ProjectConfigurationPlatforms) = postSolution
		{80F41C20-478C-F07A-1362-F4919090EB14}.Debug|Any CPU.ActiveCfg = Debug|Any CPU
		{80F41C20-478C-F07A-1362-F4919090EB14}.Debug|Any CPU.Build.0 = Debug|Any CPU
		{80F41C20-478C-F07A-1362-F4919090EB14}.Release|Any CPU.ActiveCfg = Release|Any CPU
		{80F41C20-478C-F07A-1362-F4919090EB14}.Release|Any CPU.Build.0 = Release|Any CPU
		{69B88207-8E5E-5FD8-72D2-CC92090322D7}.Debug|Any CPU.ActiveCfg = Debug|Any CPU
		{69B88207-8E5E-5FD8-72D2-CC92090322D7}.Debug|Any CPU.Build.0 = Debug|Any CPU
		{69B88207-8E5E-5FD8-72D2-CC92090322D7}.Release|Any CPU.ActiveCfg = Release|Any CPU
		{69B88207-8E5E-5FD8-72D2-CC92090322D7}.Release|Any CPU.Build.0 = Release|Any CPU
		{84E0C15F-0079-41E2-AB03-678F6308A6BC}.Debug|Any CPU.ActiveCfg = Debug|Any CPU
		{84E0C15F-0079-41E2-AB03-678F6308A6BC}.Debug|Any CPU.Build.0 = Debug|Any CPU
		{84E0C15F-0079-41E2-AB03-678F6308A6BC}.Release|Any CPU.ActiveCfg = Release|Any CPU
		{84E0C15F-0079-41E2-AB03-678F6308A6BC}.Release|Any CPU.Build.0 = Release|Any CPU
		{46C40D08-CA95-21AA-8248-1A52FBE019DA}.Debug|Any CPU.ActiveCfg = Debug|Any CPU
		{46C40D08-CA95-21AA-8248-1A52FBE019DA}.Debug|Any CPU.Build.0 = Debug|Any CPU
		{46C40D08-CA95-21AA-8248-1A52FBE019DA}.Release|Any CPU.ActiveCfg = Release|Any CPU
		{46C40D08-CA95-21AA-8248-1A52FBE019DA}.Release|Any CPU.Build.0 = Release|Any CPU
		{9BFDF956-3117-38B6-749A-648BE851B907}.Debug|Any CPU.ActiveCfg = Debug|Any CPU
		{9BFDF956-3117-38B6-749A-648BE851B907}.Debug|Any CPU.Build.0 = Debug|Any CPU
		{9BFDF956-3117-38B6-749A-648BE851B907}.Release|Any CPU.ActiveCfg = Release|Any CPU
		{9BFDF956-3117-38B6-749A-648BE851B907}.Release|Any CPU.Build.0 = Release|Any CPU
		{F499FC49-1B45-F7E9-D4D2-838D0FBAC499}.Debug|Any CPU.ActiveCfg = Debug|Any CPU
		{F499FC49-1B45-F7E9-D4D2-838D0FBAC499}.Debug|Any CPU.Build.0 = Debug|Any CPU
		{F499FC49-1B45-F7E9-D4D2-838D0FBAC499}.Release|Any CPU.ActiveCfg = Release|Any CPU
		{F499FC49-1B45-F7E9-D4D2-838D0FBAC499}.Release|Any CPU.Build.0 = Release|Any CPU
		{6BFFC5EC-6C8B-4A4C-9E45-D4AB2A96ECB0}.Debug|Any CPU.ActiveCfg = Debug|Any CPU
		{6BFFC5EC-6C8B-4A4C-9E45-D4AB2A96ECB0}.Debug|Any CPU.Build.0 = Debug|Any CPU
		{6BFFC5EC-6C8B-4A4C-9E45-D4AB2A96ECB0}.Release|Any CPU.ActiveCfg = Release|Any CPU
		{6BFFC5EC-6C8B-4A4C-9E45-D4AB2A96ECB0}.Release|Any CPU.Build.0 = Release|Any CPU
		{A75F700B-AF1A-37BC-1E63-6C546EC0642E}.Debug|Any CPU.ActiveCfg = Debug|Any CPU
		{A75F700B-AF1A-37BC-1E63-6C546EC0642E}.Debug|Any CPU.Build.0 = Debug|Any CPU
		{A75F700B-AF1A-37BC-1E63-6C546EC0642E}.Release|Any CPU.ActiveCfg = Release|Any CPU
		{A75F700B-AF1A-37BC-1E63-6C546EC0642E}.Release|Any CPU.Build.0 = Release|Any CPU
		{85B58F1F-0E88-37BD-A037-B351E0E4415F}.Debug|Any CPU.ActiveCfg = Debug|Any CPU
		{85B58F1F-0E88-37BD-A037-B351E0E4415F}.Debug|Any CPU.Build.0 = Debug|Any CPU
		{85B58F1F-0E88-37BD-A037-B351E0E4415F}.Release|Any CPU.ActiveCfg = Release|Any CPU
		{85B58F1F-0E88-37BD-A037-B351E0E4415F}.Release|Any CPU.Build.0 = Release|Any CPU
		{8FEE1F7B-0192-7D2F-A7FC-49C8C24C0032}.Debug|Any CPU.ActiveCfg = Debug|Any CPU
		{8FEE1F7B-0192-7D2F-A7FC-49C8C24C0032}.Debug|Any CPU.Build.0 = Debug|Any CPU
		{8FEE1F7B-0192-7D2F-A7FC-49C8C24C0032}.Release|Any CPU.ActiveCfg = Release|Any CPU
		{8FEE1F7B-0192-7D2F-A7FC-49C8C24C0032}.Release|Any CPU.Build.0 = Release|Any CPU
	EndGlobalSection
	GlobalSection(SolutionProperties) = preSolution
		HideSolutionNode = FALSE
	EndGlobalSection
	GlobalSection(NestedProjects) = preSolution
		{69B88207-8E5E-5FD8-72D2-CC92090322D7} = {2FA1F700-9678-4D7D-6CE8-468FE9AF2211}
		{84E0C15F-0079-41E2-AB03-678F6308A6BC} = {2FA1F700-9678-4D7D-6CE8-468FE9AF2211}
		{46C40D08-CA95-21AA-8248-1A52FBE019DA} = {2FA1F700-9678-4D7D-6CE8-468FE9AF2211}
		{9BFDF956-3117-38B6-749A-648BE851B907} = {2FA1F700-9678-4D7D-6CE8-468FE9AF2211}
		{F499FC49-1B45-F7E9-D4D2-838D0FBAC499} = {2FA1F700-9678-4D7D-6CE8-468FE9AF2211}
		{6BFFC5EC-6C8B-4A4C-9E45-D4AB2A96ECB0} = {2FA1F700-9678-4D7D-6CE8-468FE9AF2211}
		{A75F700B-AF1A-37BC-1E63-6C546EC0642E} = {2FA1F700-9678-4D7D-6CE8-468FE9AF2211}
		{85B58F1F-0E88-37BD-A037-B351E0E4415F} = {2FA1F700-9678-4D7D-6CE8-468FE9AF2211}
		{8FEE1F7B-0192-7D2F-A7FC-49C8C24C0032} = {2FA1F700-9678-4D7D-6CE8-468FE9AF2211}
	EndGlobalSection
	GlobalSection(ExtensibilityGlobals) = postSolution
		SolutionGuid = {64DFBAC7-43F9-4D4F-B31C-37FB7620569E}
	EndGlobalSection
EndGlobal
